// !$*UTF8*$!
{
	archiveVersion = 1;
	classes = {
	};
	objectVersion = 56;
	objects = {

/* Begin PBXBuildFile section */
		785F9FF02C32A4C100C33A6D /* AppDelegate.swift in Sources */ = {isa = PBXBuildFile; fileRef = 785F9FEF2C32A4C100C33A6D /* AppDelegate.swift */; };
		785F9FF22C32A4C100C33A6D /* SceneDelegate.swift in Sources */ = {isa = PBXBuildFile; fileRef = 785F9FF12C32A4C100C33A6D /* SceneDelegate.swift */; };
		785F9FF92C32A4C500C33A6D /* Assets.xcassets in Resources */ = {isa = PBXBuildFile; fileRef = 785F9FF82C32A4C500C33A6D /* Assets.xcassets */; };
		785F9FFC2C32A4C500C33A6D /* Base in Resources */ = {isa = PBXBuildFile; fileRef = 785F9FFB2C32A4C500C33A6D /* Base */; };
		785FA00A2C32A97D00C33A6D /* MainTabController.swift in Sources */ = {isa = PBXBuildFile; fileRef = 785FA0092C32A97D00C33A6D /* MainTabController.swift */; };
		785FA00C2C32ABAC00C33A6D /* FeedController.swift in Sources */ = {isa = PBXBuildFile; fileRef = 785FA00B2C32ABAC00C33A6D /* FeedController.swift */; };
		785FA00E2C32AC0400C33A6D /* ExploreController.swift in Sources */ = {isa = PBXBuildFile; fileRef = 785FA00D2C32AC0300C33A6D /* ExploreController.swift */; };
		785FA0102C32AC1C00C33A6D /* NotificationsController.swift in Sources */ = {isa = PBXBuildFile; fileRef = 785FA00F2C32AC1C00C33A6D /* NotificationsController.swift */; };
		785FA0122C32AC3E00C33A6D /* ConversationsController.swift in Sources */ = {isa = PBXBuildFile; fileRef = 785FA0112C32AC3E00C33A6D /* ConversationsController.swift */; };
		785FA0142C32B66A00C33A6D /* Extensions.swift in Sources */ = {isa = PBXBuildFile; fileRef = 785FA0132C32B66A00C33A6D /* Extensions.swift */; };
		785FA0172C32CB9200C33A6D /* LoginController.swift in Sources */ = {isa = PBXBuildFile; fileRef = 785FA0162C32CB9200C33A6D /* LoginController.swift */; };
		785FA0192C32CCB600C33A6D /* RegistrationController.swift in Sources */ = {isa = PBXBuildFile; fileRef = 785FA0182C32CCB600C33A6D /* RegistrationController.swift */; };
		785FA01B2C32D4C700C33A6D /* Utilities.swift in Sources */ = {isa = PBXBuildFile; fileRef = 785FA01A2C32D4C700C33A6D /* Utilities.swift */; };
/* End PBXBuildFile section */

/* Begin PBXFileReference section */
		785F9FEC2C32A4C100C33A6D /* TwitterTutorial.app */ = {isa = PBXFileReference; explicitFileType = wrapper.application; includeInIndex = 0; path = TwitterTutorial.app; sourceTree = BUILT_PRODUCTS_DIR; };
		785F9FEF2C32A4C100C33A6D /* AppDelegate.swift */ = {isa = PBXFileReference; lastKnownFileType = sourcecode.swift; path = AppDelegate.swift; sourceTree = "<group>"; };
		785F9FF12C32A4C100C33A6D /* SceneDelegate.swift */ = {isa = PBXFileReference; lastKnownFileType = sourcecode.swift; path = SceneDelegate.swift; sourceTree = "<group>"; };
		785F9FF82C32A4C500C33A6D /* Assets.xcassets */ = {isa = PBXFileReference; lastKnownFileType = folder.assetcatalog; path = Assets.xcassets; sourceTree = "<group>"; };
		785F9FFB2C32A4C500C33A6D /* Base */ = {isa = PBXFileReference; lastKnownFileType = file.storyboard; name = Base; path = Base.lproj/LaunchScreen.storyboard; sourceTree = "<group>"; };
		785F9FFD2C32A4C500C33A6D /* Info.plist */ = {isa = PBXFileReference; lastKnownFileType = text.plist.xml; path = Info.plist; sourceTree = "<group>"; };
		785FA0092C32A97D00C33A6D /* MainTabController.swift */ = {isa = PBXFileReference; lastKnownFileType = sourcecode.swift; path = MainTabController.swift; sourceTree = "<group>"; };
		785FA00B2C32ABAC00C33A6D /* FeedController.swift */ = {isa = PBXFileReference; lastKnownFileType = sourcecode.swift; path = FeedController.swift; sourceTree = "<group>"; };
		785FA00D2C32AC0300C33A6D /* ExploreController.swift */ = {isa = PBXFileReference; lastKnownFileType = sourcecode.swift; path = ExploreController.swift; sourceTree = "<group>"; };
		785FA00F2C32AC1C00C33A6D /* NotificationsController.swift */ = {isa = PBXFileReference; lastKnownFileType = sourcecode.swift; path = NotificationsController.swift; sourceTree = "<group>"; };
		785FA0112C32AC3E00C33A6D /* ConversationsController.swift */ = {isa = PBXFileReference; lastKnownFileType = sourcecode.swift; path = ConversationsController.swift; sourceTree = "<group>"; };
		785FA0132C32B66A00C33A6D /* Extensions.swift */ = {isa = PBXFileReference; lastKnownFileType = sourcecode.swift; path = Extensions.swift; sourceTree = "<group>"; };
		785FA0162C32CB9200C33A6D /* LoginController.swift */ = {isa = PBXFileReference; lastKnownFileType = sourcecode.swift; path = LoginController.swift; sourceTree = "<group>"; };
		785FA0182C32CCB600C33A6D /* RegistrationController.swift */ = {isa = PBXFileReference; lastKnownFileType = sourcecode.swift; path = RegistrationController.swift; sourceTree = "<group>"; };
		785FA01A2C32D4C700C33A6D /* Utilities.swift */ = {isa = PBXFileReference; lastKnownFileType = sourcecode.swift; path = Utilities.swift; sourceTree = "<group>"; };
/* End PBXFileReference section */

/* Begin PBXFrameworksBuildPhase section */
		785F9FE92C32A4C100C33A6D /* Frameworks */ = {
			isa = PBXFrameworksBuildPhase;
			buildActionMask = 2147483647;
			files = (
			);
			runOnlyForDeploymentPostprocessing = 0;
		};
/* End PBXFrameworksBuildPhase section */

/* Begin PBXGroup section */
		785F9FE32C32A4C100C33A6D = {
			isa = PBXGroup;
			children = (
				785F9FEE2C32A4C100C33A6D /* TwitterTutorial */,
				785F9FED2C32A4C100C33A6D /* Products */,
			);
			sourceTree = "<group>";
		};
		785F9FED2C32A4C100C33A6D /* Products */ = {
			isa = PBXGroup;
			children = (
				785F9FEC2C32A4C100C33A6D /* TwitterTutorial.app */,
			);
			name = Products;
			sourceTree = "<group>";
		};
		785F9FEE2C32A4C100C33A6D /* TwitterTutorial */ = {
			isa = PBXGroup;
			children = (
				785FA0082C32A89B00C33A6D /* Model */,
				785FA0072C32A88D00C33A6D /* View */,
				785FA0062C32A88A00C33A6D /* ViewModel */,
				785FA0052C32A88800C33A6D /* Controller */,
				785FA0042C32A88500C33A6D /* API */,
				785FA0032C32A87900C33A6D /* Utils */,
				785F9FEF2C32A4C100C33A6D /* AppDelegate.swift */,
				785F9FF12C32A4C100C33A6D /* SceneDelegate.swift */,
				785F9FF82C32A4C500C33A6D /* Assets.xcassets */,
				785F9FFA2C32A4C500C33A6D /* LaunchScreen.storyboard */,
				785F9FFD2C32A4C500C33A6D /* Info.plist */,
			);
			path = TwitterTutorial;
			sourceTree = "<group>";
		};
		785FA0032C32A87900C33A6D /* Utils */ = {
			isa = PBXGroup;
			children = (
				785FA0132C32B66A00C33A6D /* Extensions.swift */,
				785FA01A2C32D4C700C33A6D /* Utilities.swift */,
			);
			path = Utils;
			sourceTree = "<group>";
		};
		785FA0042C32A88500C33A6D /* API */ = {
			isa = PBXGroup;
			children = (
			);
			path = API;
			sourceTree = "<group>";
		};
		785FA0052C32A88800C33A6D /* Controller */ = {
			isa = PBXGroup;
			children = (
				785FA0152C32CB6500C33A6D /* Authentication */,
				785FA0092C32A97D00C33A6D /* MainTabController.swift */,
				785FA00B2C32ABAC00C33A6D /* FeedController.swift */,
				785FA00D2C32AC0300C33A6D /* ExploreController.swift */,
				785FA00F2C32AC1C00C33A6D /* NotificationsController.swift */,
				785FA0112C32AC3E00C33A6D /* ConversationsController.swift */,
			);
			path = Controller;
			sourceTree = "<group>";
		};
		785FA0062C32A88A00C33A6D /* ViewModel */ = {
			isa = PBXGroup;
			children = (
			);
			path = ViewModel;
			sourceTree = "<group>";
		};
		785FA0072C32A88D00C33A6D /* View */ = {
			isa = PBXGroup;
			children = (
			);
			path = View;
			sourceTree = "<group>";
		};
		785FA0082C32A89B00C33A6D /* Model */ = {
			isa = PBXGroup;
			children = (
			);
			path = Model;
			sourceTree = "<group>";
		};
		785FA0152C32CB6500C33A6D /* Authentication */ = {
			isa = PBXGroup;
			children = (
				785FA0162C32CB9200C33A6D /* LoginController.swift */,
				785FA0182C32CCB600C33A6D /* RegistrationController.swift */,
			);
			path = Authentication;
			sourceTree = "<group>";
		};
/* End PBXGroup section */

/* Begin PBXNativeTarget section */
		785F9FEB2C32A4C100C33A6D /* TwitterTutorial */ = {
			isa = PBXNativeTarget;
			buildConfigurationList = 785FA0002C32A4C500C33A6D /* Build configuration list for PBXNativeTarget "TwitterTutorial" */;
			buildPhases = (
				785F9FE82C32A4C100C33A6D /* Sources */,
				785F9FE92C32A4C100C33A6D /* Frameworks */,
				785F9FEA2C32A4C100C33A6D /* Resources */,
			);
			buildRules = (
			);
			dependencies = (
			);
			name = TwitterTutorial;
			productName = TwitterTutorial;
			productReference = 785F9FEC2C32A4C100C33A6D /* TwitterTutorial.app */;
			productType = "com.apple.product-type.application";
		};
/* End PBXNativeTarget section */

/* Begin PBXProject section */
		785F9FE42C32A4C100C33A6D /* Project object */ = {
			isa = PBXProject;
			attributes = {
				BuildIndependentTargetsInParallel = 1;
				LastSwiftUpdateCheck = 1530;
				LastUpgradeCheck = 1530;
				TargetAttributes = {
					785F9FEB2C32A4C100C33A6D = {
						CreatedOnToolsVersion = 15.3;
					};
				};
			};
			buildConfigurationList = 785F9FE72C32A4C100C33A6D /* Build configuration list for PBXProject "TwitterTutorial" */;
			compatibilityVersion = "Xcode 14.0";
			developmentRegion = en;
			hasScannedForEncodings = 0;
			knownRegions = (
				en,
				Base,
			);
			mainGroup = 785F9FE32C32A4C100C33A6D;
			productRefGroup = 785F9FED2C32A4C100C33A6D /* Products */;
			projectDirPath = "";
			projectRoot = "";
			targets = (
				785F9FEB2C32A4C100C33A6D /* TwitterTutorial */,
			);
		};
/* End PBXProject section */

/* Begin PBXResourcesBuildPhase section */
		785F9FEA2C32A4C100C33A6D /* Resources */ = {
			isa = PBXResourcesBuildPhase;
			buildActionMask = 2147483647;
			files = (
				785F9FF92C32A4C500C33A6D /* Assets.xcassets in Resources */,
				785F9FFC2C32A4C500C33A6D /* Base in Resources */,
			);
			runOnlyForDeploymentPostprocessing = 0;
		};
/* End PBXResourcesBuildPhase section */

/* Begin PBXSourcesBuildPhase section */
		785F9FE82C32A4C100C33A6D /* Sources */ = {
			isa = PBXSourcesBuildPhase;
			buildActionMask = 2147483647;
			files = (
				785FA0102C32AC1C00C33A6D /* NotificationsController.swift in Sources */,
				785FA0122C32AC3E00C33A6D /* ConversationsController.swift in Sources */,
				785FA01B2C32D4C700C33A6D /* Utilities.swift in Sources */,
				785F9FF02C32A4C100C33A6D /* AppDelegate.swift in Sources */,
				785FA0142C32B66A00C33A6D /* Extensions.swift in Sources */,
				785FA0172C32CB9200C33A6D /* LoginController.swift in Sources */,
				785FA00E2C32AC0400C33A6D /* ExploreController.swift in Sources */,
				785F9FF22C32A4C100C33A6D /* SceneDelegate.swift in Sources */,
				785FA00A2C32A97D00C33A6D /* MainTabController.swift in Sources */,
				785FA0192C32CCB600C33A6D /* RegistrationController.swift in Sources */,
				785FA00C2C32ABAC00C33A6D /* FeedController.swift in Sources */,
			);
			runOnlyForDeploymentPostprocessing = 0;
		};
/* End PBXSourcesBuildPhase section */

/* Begin PBXVariantGroup section */
		785F9FFA2C32A4C500C33A6D /* LaunchScreen.storyboard */ = {
			isa = PBXVariantGroup;
			children = (
				785F9FFB2C32A4C500C33A6D /* Base */,
			);
			name = LaunchScreen.storyboard;
			sourceTree = "<group>";
		};
/* End PBXVariantGroup section */

/* Begin XCBuildConfiguration section */
		785F9FFE2C32A4C500C33A6D /* Debug */ = {
			isa = XCBuildConfiguration;
			buildSettings = {
				ALWAYS_SEARCH_USER_PATHS = NO;
				ASSETCATALOG_COMPILER_GENERATE_SWIFT_ASSET_SYMBOL_EXTENSIONS = YES;
				CLANG_ANALYZER_NONNULL = YES;
				CLANG_ANALYZER_NUMBER_OBJECT_CONVERSION = YES_AGGRESSIVE;
				CLANG_CXX_LANGUAGE_STANDARD = "gnu++20";
				CLANG_ENABLE_MODULES = YES;
				CLANG_ENABLE_OBJC_ARC = YES;
				CLANG_ENABLE_OBJC_WEAK = YES;
				CLANG_WARN_BLOCK_CAPTURE_AUTORELEASING = YES;
				CLANG_WARN_BOOL_CONVERSION = YES;
				CLANG_WARN_COMMA = YES;
				CLANG_WARN_CONSTANT_CONVERSION = YES;
				CLANG_WARN_DEPRECATED_OBJC_IMPLEMENTATIONS = YES;
				CLANG_WARN_DIRECT_OBJC_ISA_USAGE = YES_ERROR;
				CLANG_WARN_DOCUMENTATION_COMMENTS = YES;
				CLANG_WARN_EMPTY_BODY = YES;
				CLANG_WARN_ENUM_CONVERSION = YES;
				CLANG_WARN_INFINITE_RECURSION = YES;
				CLANG_WARN_INT_CONVERSION = YES;
				CLANG_WARN_NON_LITERAL_NULL_CONVERSION = YES;
				CLANG_WARN_OBJC_IMPLICIT_RETAIN_SELF = YES;
				CLANG_WARN_OBJC_LITERAL_CONVERSION = YES;
				CLANG_WARN_OBJC_ROOT_CLASS = YES_ERROR;
				CLANG_WARN_QUOTED_INCLUDE_IN_FRAMEWORK_HEADER = YES;
				CLANG_WARN_RANGE_LOOP_ANALYSIS = YES;
				CLANG_WARN_STRICT_PROTOTYPES = YES;
				CLANG_WARN_SUSPICIOUS_MOVE = YES;
				CLANG_WARN_UNGUARDED_AVAILABILITY = YES_AGGRESSIVE;
				CLANG_WARN_UNREACHABLE_CODE = YES;
				CLANG_WARN__DUPLICATE_METHOD_MATCH = YES;
				COPY_PHASE_STRIP = NO;
				DEBUG_INFORMATION_FORMAT = dwarf;
				ENABLE_STRICT_OBJC_MSGSEND = YES;
				ENABLE_TESTABILITY = YES;
				ENABLE_USER_SCRIPT_SANDBOXING = YES;
				GCC_C_LANGUAGE_STANDARD = gnu17;
				GCC_DYNAMIC_NO_PIC = NO;
				GCC_NO_COMMON_BLOCKS = YES;
				GCC_OPTIMIZATION_LEVEL = 0;
				GCC_PREPROCESSOR_DEFINITIONS = (
					"DEBUG=1",
					"$(inherited)",
				);
				GCC_WARN_64_TO_32_BIT_CONVERSION = YES;
				GCC_WARN_ABOUT_RETURN_TYPE = YES_ERROR;
				GCC_WARN_UNDECLARED_SELECTOR = YES;
				GCC_WARN_UNINITIALIZED_AUTOS = YES_AGGRESSIVE;
				GCC_WARN_UNUSED_FUNCTION = YES;
				GCC_WARN_UNUSED_VARIABLE = YES;
				IPHONEOS_DEPLOYMENT_TARGET = 17.4;
				LOCALIZATION_PREFERS_STRING_CATALOGS = YES;
				MTL_ENABLE_DEBUG_INFO = INCLUDE_SOURCE;
				MTL_FAST_MATH = YES;
				ONLY_ACTIVE_ARCH = YES;
				SDKROOT = iphoneos;
				SWIFT_ACTIVE_COMPILATION_CONDITIONS = "DEBUG $(inherited)";
				SWIFT_OPTIMIZATION_LEVEL = "-Onone";
			};
			name = Debug;
		};
		785F9FFF2C32A4C500C33A6D /* Release */ = {
			isa = XCBuildConfiguration;
			buildSettings = {
				ALWAYS_SEARCH_USER_PATHS = NO;
				ASSETCATALOG_COMPILER_GENERATE_SWIFT_ASSET_SYMBOL_EXTENSIONS = YES;
				CLANG_ANALYZER_NONNULL = YES;
				CLANG_ANALYZER_NUMBER_OBJECT_CONVERSION = YES_AGGRESSIVE;
				CLANG_CXX_LANGUAGE_STANDARD = "gnu++20";
				CLANG_ENABLE_MODULES = YES;
				CLANG_ENABLE_OBJC_ARC = YES;
				CLANG_ENABLE_OBJC_WEAK = YES;
				CLANG_WARN_BLOCK_CAPTURE_AUTORELEASING = YES;
				CLANG_WARN_BOOL_CONVERSION = YES;
				CLANG_WARN_COMMA = YES;
				CLANG_WARN_CONSTANT_CONVERSION = YES;
				CLANG_WARN_DEPRECATED_OBJC_IMPLEMENTATIONS = YES;
				CLANG_WARN_DIRECT_OBJC_ISA_USAGE = YES_ERROR;
				CLANG_WARN_DOCUMENTATION_COMMENTS = YES;
				CLANG_WARN_EMPTY_BODY = YES;
				CLANG_WARN_ENUM_CONVERSION = YES;
				CLANG_WARN_INFINITE_RECURSION = YES;
				CLANG_WARN_INT_CONVERSION = YES;
				CLANG_WARN_NON_LITERAL_NULL_CONVERSION = YES;
				CLANG_WARN_OBJC_IMPLICIT_RETAIN_SELF = YES;
				CLANG_WARN_OBJC_LITERAL_CONVERSION = YES;
				CLANG_WARN_OBJC_ROOT_CLASS = YES_ERROR;
				CLANG_WARN_QUOTED_INCLUDE_IN_FRAMEWORK_HEADER = YES;
				CLANG_WARN_RANGE_LOOP_ANALYSIS = YES;
				CLANG_WARN_STRICT_PROTOTYPES = YES;
				CLANG_WARN_SUSPICIOUS_MOVE = YES;
				CLANG_WARN_UNGUARDED_AVAILABILITY = YES_AGGRESSIVE;
				CLANG_WARN_UNREACHABLE_CODE = YES;
				CLANG_WARN__DUPLICATE_METHOD_MATCH = YES;
				COPY_PHASE_STRIP = NO;
				DEBUG_INFORMATION_FORMAT = "dwarf-with-dsym";
				ENABLE_NS_ASSERTIONS = NO;
				ENABLE_STRICT_OBJC_MSGSEND = YES;
				ENABLE_USER_SCRIPT_SANDBOXING = YES;
				GCC_C_LANGUAGE_STANDARD = gnu17;
				GCC_NO_COMMON_BLOCKS = YES;
				GCC_WARN_64_TO_32_BIT_CONVERSION = YES;
				GCC_WARN_ABOUT_RETURN_TYPE = YES_ERROR;
				GCC_WARN_UNDECLARED_SELECTOR = YES;
				GCC_WARN_UNINITIALIZED_AUTOS = YES_AGGRESSIVE;
				GCC_WARN_UNUSED_FUNCTION = YES;
				GCC_WARN_UNUSED_VARIABLE = YES;
				IPHONEOS_DEPLOYMENT_TARGET = 17.4;
				LOCALIZATION_PREFERS_STRING_CATALOGS = YES;
				MTL_ENABLE_DEBUG_INFO = NO;
				MTL_FAST_MATH = YES;
				SDKROOT = iphoneos;
				SWIFT_COMPILATION_MODE = wholemodule;
				VALIDATE_PRODUCT = YES;
			};
			name = Release;
		};
		785FA0012C32A4C500C33A6D /* Debug */ = {
			isa = XCBuildConfiguration;
			buildSettings = {
				ASSETCATALOG_COMPILER_APPICON_NAME = AppIcon;
				ASSETCATALOG_COMPILER_GLOBAL_ACCENT_COLOR_NAME = AccentColor;
				CODE_SIGN_STYLE = Automatic;
				CURRENT_PROJECT_VERSION = 1;
				DEVELOPMENT_TEAM = NY2YF9QVXX;
				GENERATE_INFOPLIST_FILE = YES;
				INFOPLIST_FILE = TwitterTutorial/Info.plist;
				INFOPLIST_KEY_UIApplicationSupportsIndirectInputEvents = YES;
				INFOPLIST_KEY_UILaunchStoryboardName = LaunchScreen;
				INFOPLIST_KEY_UISupportedInterfaceOrientations_iPad = "UIInterfaceOrientationPortrait UIInterfaceOrientationPortraitUpsideDown UIInterfaceOrientationLandscapeLeft UIInterfaceOrientationLandscapeRight";
				INFOPLIST_KEY_UISupportedInterfaceOrientations_iPhone = "UIInterfaceOrientationPortrait UIInterfaceOrientationLandscapeLeft UIInterfaceOrientationLandscapeRight";
				LD_RUNPATH_SEARCH_PATHS = (
					"$(inherited)",
					"@executable_path/Frameworks",
				);
				MARKETING_VERSION = 1.0;
				PRODUCT_BUNDLE_IDENTIFIER = io.github.hoon94.TwitterTutorial;
				PRODUCT_NAME = "$(TARGET_NAME)";
				SWIFT_EMIT_LOC_STRINGS = YES;
				SWIFT_VERSION = 5.0;
				TARGETED_DEVICE_FAMILY = "1,2";
			};
			name = Debug;
		};
		785FA0022C32A4C500C33A6D /* Release */ = {
			isa = XCBuildConfiguration;
			buildSettings = {
				ASSETCATALOG_COMPILER_APPICON_NAME = AppIcon;
				ASSETCATALOG_COMPILER_GLOBAL_ACCENT_COLOR_NAME = AccentColor;
				CODE_SIGN_STYLE = Automatic;
				CURRENT_PROJECT_VERSION = 1;
				DEVELOPMENT_TEAM = NY2YF9QVXX;
				GENERATE_INFOPLIST_FILE = YES;
				INFOPLIST_FILE = TwitterTutorial/Info.plist;
				INFOPLIST_KEY_UIApplicationSupportsIndirectInputEvents = YES;
				INFOPLIST_KEY_UILaunchStoryboardName = LaunchScreen;
				INFOPLIST_KEY_UISupportedInterfaceOrientations_iPad = "UIInterfaceOrientationPortrait UIInterfaceOrientationPortraitUpsideDown UIInterfaceOrientationLandscapeLeft UIInterfaceOrientationLandscapeRight";
				INFOPLIST_KEY_UISupportedInterfaceOrientations_iPhone = "UIInterfaceOrientationPortrait UIInterfaceOrientationLandscapeLeft UIInterfaceOrientationLandscapeRight";
				LD_RUNPATH_SEARCH_PATHS = (
					"$(inherited)",
					"@executable_path/Frameworks",
				);
				MARKETING_VERSION = 1.0;
				PRODUCT_BUNDLE_IDENTIFIER = io.github.hoon94.TwitterTutorial;
				PRODUCT_NAME = "$(TARGET_NAME)";
				SWIFT_EMIT_LOC_STRINGS = YES;
				SWIFT_VERSION = 5.0;
				TARGETED_DEVICE_FAMILY = "1,2";
			};
			name = Release;
		};
/* End XCBuildConfiguration section */

/* Begin XCConfigurationList section */
		785F9FE72C32A4C100C33A6D /* Build configuration list for PBXProject "TwitterTutorial" */ = {
			isa = XCConfigurationList;
			buildConfigurations = (
				785F9FFE2C32A4C500C33A6D /* Debug */,
				785F9FFF2C32A4C500C33A6D /* Release */,
			);
			defaultConfigurationIsVisible = 0;
			defaultConfigurationName = Release;
		};
		785FA0002C32A4C500C33A6D /* Build configuration list for PBXNativeTarget "TwitterTutorial" */ = {
			isa = XCConfigurationList;
			buildConfigurations = (
				785FA0012C32A4C500C33A6D /* Debug */,
				785FA0022C32A4C500C33A6D /* Release */,
			);
			defaultConfigurationIsVisible = 0;
			defaultConfigurationName = Release;
		};
/* End XCConfigurationList section */
	};
	rootObject = 785F9FE42C32A4C100C33A6D /* Project object */;
}
